
Microsoft Visual Studio Solution File, Format Version 10.00
# Visual Studio 2008
Project("{FAE04EC0-301F-11D3-BF4B-00C04F79EFBC}") = "Halifax", "src\Halifax\Halifax.csproj", "{22DC224C-93DA-43F7-A919-9A6DD5D0FCA3}"
EndProject
Project("{2150E333-8FDC-42A3-9474-1A3956D46DE8}") = "tests", "tests", "{2AA0DFF1-336C-4FE4-ABB3-D5855301FEFF}"
EndProject
Project("{FAE04EC0-301F-11D3-BF4B-00C04F79EFBC}") = "Halifax.Tests", "tests\Halifax.Tests\Halifax.Tests.csproj", "{765A475E-A165-4401-88E1-004BFF121FF1}"
EndProject
Project("{2150E333-8FDC-42A3-9474-1A3956D46DE8}") = "contrib", "contrib", "{7241D32B-1046-45D3-BDC6-6E3FA5DA8E21}"
EndProject
Project("{2150E333-8FDC-42A3-9474-1A3956D46DE8}") = "storage", "storage", "{2C15E76B-E7C5-416C-A386-6E87A4928609}"
EndProject
Project("{FAE04EC0-301F-11D3-BF4B-00C04F79EFBC}") = "Halfax.NHibernate.AggregateStorage", "src\Halifax.NHibernate.AggregateStorage\Halfax.NHibernate.AggregateStorage.csproj", "{4430D605-DD78-4AF6-92A8-99B9A54D68E0}"
EndProject
Project("{FAE04EC0-301F-11D3-BF4B-00C04F79EFBC}") = "Halifax.NHibernate.EventStorage", "src\Halifax.NHibernate.EventStorage\Halifax.NHibernate.EventStorage.csproj", "{752AC0C5-AF9D-49BB-978F-A23C834BC467}"
EndProject
Global
	GlobalSection(SolutionConfigurationPlatforms) = preSolution
		Debug|Any CPU = Debug|Any CPU
		Release|Any CPU = Release|Any CPU
	EndGlobalSection
	GlobalSection(ProjectConfigurationPlatforms) = postSolution
		{22DC224C-93DA-43F7-A919-9A6DD5D0FCA3}.Debug|Any CPU.ActiveCfg = Debug|Any CPU
		{22DC224C-93DA-43F7-A919-9A6DD5D0FCA3}.Debug|Any CPU.Build.0 = Debug|Any CPU
		{22DC224C-93DA-43F7-A919-9A6DD5D0FCA3}.Release|Any CPU.ActiveCfg = Release|Any CPU
		{22DC224C-93DA-43F7-A919-9A6DD5D0FCA3}.Release|Any CPU.Build.0 = Release|Any CPU
		{765A475E-A165-4401-88E1-004BFF121FF1}.Debug|Any CPU.ActiveCfg = Debug|Any CPU
		{765A475E-A165-4401-88E1-004BFF121FF1}.Debug|Any CPU.Build.0 = Debug|Any CPU
		{765A475E-A165-4401-88E1-004BFF121FF1}.Release|Any CPU.ActiveCfg = Release|Any CPU
		{765A475E-A165-4401-88E1-004BFF121FF1}.Release|Any CPU.Build.0 = Release|Any CPU
		{4430D605-DD78-4AF6-92A8-99B9A54D68E0}.Debug|Any CPU.ActiveCfg = Debug|Any CPU
		{4430D605-DD78-4AF6-92A8-99B9A54D68E0}.Debug|Any CPU.Build.0 = Debug|Any CPU
		{4430D605-DD78-4AF6-92A8-99B9A54D68E0}.Release|Any CPU.ActiveCfg = Release|Any CPU
		{4430D605-DD78-4AF6-92A8-99B9A54D68E0}.Release|Any CPU.Build.0 = Release|Any CPU
		{752AC0C5-AF9D-49BB-978F-A23C834BC467}.Debug|Any CPU.ActiveCfg = Debug|Any CPU
		{752AC0C5-AF9D-49BB-978F-A23C834BC467}.Debug|Any CPU.Build.0 = Debug|Any CPU
		{752AC0C5-AF9D-49BB-978F-A23C834BC467}.Release|Any CPU.ActiveCfg = Release|Any CPU
		{752AC0C5-AF9D-49BB-978F-A23C834BC467}.Release|Any CPU.Build.0 = Release|Any CPU
	EndGlobalSection
	GlobalSection(SolutionProperties) = preSolution
		HideSolutionNode = FALSE
	EndGlobalSection
	GlobalSection(NestedProjects) = preSolution
		{765A475E-A165-4401-88E1-004BFF121FF1} = {2AA0DFF1-336C-4FE4-ABB3-D5855301FEFF}
		{4430D605-DD78-4AF6-92A8-99B9A54D68E0} = {2C15E76B-E7C5-416C-A386-6E87A4928609}
		{752AC0C5-AF9D-49BB-978F-A23C834BC467} = {2C15E76B-E7C5-416C-A386-6E87A4928609}
	EndGlobalSection
EndGlobal
